
Microsoft Visual Studio Solution File, Format Version 12.00
# Visual Studio 15
VisualStudioVersion = 15.0.36324.19
MinimumVisualStudioVersion = 10.0.40219.1
Project("{8BC9CEB8-8B4A-11D0-8D11-00A0C91BC942}") = "BspMap", "BspMap\BspMap.vcxproj", "{102206AF-F0C9-42CF-84D6-A98D9EE7C269}"
EndProject
Project("{8BC9CEB8-8B4A-11D0-8D11-00A0C91BC942}") = "BasicTypes", "BasicTypes\BasicTypes.vcxproj", "{6C060D49-4398-47F0-8E01-00459E17AFB8}"
EndProject
Project("{8BC9CEB8-8B4A-11D0-8D11-00A0C91BC942}") = "test", "test\test.vcxproj", "{6308D27A-8EA5-4692-9362-DB4E0638B857}"
	ProjectSection(ProjectDependencies) = postProject
		{6C060D49-4398-47F0-8E01-00459E17AFB8} = {6C060D49-4398-47F0-8E01-00459E17AFB8}
		{102206AF-F0C9-42CF-84D6-A98D9EE7C269} = {102206AF-F0C9-42CF-84D6-A98D9EE7C269}
	EndProjectSection
EndProject
Global
	GlobalSection(SolutionConfigurationPlatforms) = preSolution
		Debug|x64 = Debug|x64
		Debug|x86 = Debug|x86
		Release|x64 = Release|x64
		Release|x86 = Release|x86
	EndGlobalSection
	GlobalSection(ProjectConfigurationPlatforms) = postSolution
		{102206AF-F0C9-42CF-84D6-A98D9EE7C269}.Debug|x64.ActiveCfg = Debug|x64
		{102206AF-F0C9-42CF-84D6-A98D9EE7C269}.Debug|x64.Build.0 = Debug|x64
		{102206AF-F0C9-42CF-84D6-A98D9EE7C269}.Debug|x86.ActiveCfg = Debug|Win32
		{102206AF-F0C9-42CF-84D6-A98D9EE7C269}.Debug|x86.Build.0 = Debug|Win32
		{102206AF-F0C9-42CF-84D6-A98D9EE7C269}.Release|x64.ActiveCfg = Release|x64
		{102206AF-F0C9-42CF-84D6-A98D9EE7C269}.Release|x64.Build.0 = Release|x64
		{102206AF-F0C9-42CF-84D6-A98D9EE7C269}.Release|x86.ActiveCfg = Release|Win32
		{102206AF-F0C9-42CF-84D6-A98D9EE7C269}.Release|x86.Build.0 = Release|Win32
		{6C060D49-4398-47F0-8E01-00459E17AFB8}.Debug|x64.ActiveCfg = Debug|x64
		{6C060D49-4398-47F0-8E01-00459E17AFB8}.Debug|x64.Build.0 = Debug|x64
		{6C060D49-4398-47F0-8E01-00459E17AFB8}.Debug|x86.ActiveCfg = Debug|Win32
		{6C060D49-4398-47F0-8E01-00459E17AFB8}.Debug|x86.Build.0 = Debug|Win32
		{6C060D49-4398-47F0-8E01-00459E17AFB8}.Release|x64.ActiveCfg = Release|x64
		{6C060D49-4398-47F0-8E01-00459E17AFB8}.Release|x64.Build.0 = Release|x64
		{6C060D49-4398-47F0-8E01-00459E17AFB8}.Release|x86.ActiveCfg = Release|Win32
		{6C060D49-4398-47F0-8E01-00459E17AFB8}.Release|x86.Build.0 = Release|Win32
		{6308D27A-8EA5-4692-9362-DB4E0638B857}.Debug|x64.ActiveCfg = Debug|x64
		{6308D27A-8EA5-4692-9362-DB4E0638B857}.Debug|x64.Build.0 = Debug|x64
		{6308D27A-8EA5-4692-9362-DB4E0638B857}.Debug|x86.ActiveCfg = Debug|Win32
		{6308D27A-8EA5-4692-9362-DB4E0638B857}.Debug|x86.Build.0 = Debug|Win32
		{6308D27A-8EA5-4692-9362-DB4E0638B857}.Release|x64.ActiveCfg = Release|x64
		{6308D27A-8EA5-4692-9362-DB4E0638B857}.Release|x64.Build.0 = Release|x64
		{6308D27A-8EA5-4692-9362-DB4E0638B857}.Release|x86.ActiveCfg = Release|Win32
		{6308D27A-8EA5-4692-9362-DB4E0638B857}.Release|x86.Build.0 = Release|Win32
	EndGlobalSection
	GlobalSection(SolutionProperties) = preSolution
		HideSolutionNode = FALSE
	EndGlobalSection
	GlobalSection(ExtensibilityGlobals) = postSolution
		SolutionGuid = {A76EAFE7-AAD8-4298-9173-B5B399488F48}
	EndGlobalSection
EndGlobal
